{
  "name": "concrete-mobile-menu",
  "version": "2.0.0",
  "lockfileVersion": 2,
  "requires": true,
  "packages": {
    "": {
      "name": "concrete-mobile-menu",
      "version": "2.0.0",
      "license": "ISC",
      "dependencies": {
        "mmenu-js": "^8.5.24"
      },
      "devDependencies": {}
    },
    "node_modules/mmenu-js": {
      "version": "8.5.24",
      "resolved": "https://registry.npmjs.org/mmenu-js/-/mmenu-js-8.5.24.tgz",
      "integrity": "sha512-IfWtD2J13mLv2g3NOVNsfiDiWutzdLsFkNeFrtlWYKYVT/UnycXA/ud7buXw6BWZkhJpW7zIGLNGzTkaBsKgkQ=="
    }
  },
  "dependencies": {
    "mmenu-js": {
      "version": "8.5.24",
      "resolved": "https://registry.npmjs.org/mmenu-js/-/mmenu-js-8.5.24.tgz",
      "integrity": "sha512-IfWtD2J13mLv2g3NOVNsfiDiWutzdLsFkNeFrtlWYKYVT/UnycXA/ud7buXw6BWZkhJpW7zIGLNGzTkaBsKgkQ=="
    }
  }
}
